
Microsoft Visual Studio Solution File, Format Version 12.00
# Visual Studio 15
VisualStudioVersion = 15.0.27703.2026
MinimumVisualStudioVersion = 10.0.40219.1
Project("{FAE04EC0-301F-11D3-BF4B-00C04F79EFBC}") = "Equipos", "Equipos\Equipos.csproj", "{F963EA84-DDB2-4C69-9287-5D2C238103E1}"
EndProject
Global
	GlobalSection(SolutionConfigurationPlatforms) = preSolution
		Debug|Any CPU = Debug|Any CPU
		Release|Any CPU = Release|Any CPU
	EndGlobalSection
	GlobalSection(ProjectConfigurationPlatforms) = postSolution
		{F963EA84-DDB2-4C69-9287-5D2C238103E1}.Debug|Any CPU.ActiveCfg = Debug|Any CPU
		{F963EA84-DDB2-4C69-9287-5D2C238103E1}.Debug|Any CPU.Build.0 = Debug|Any CPU
		{F963EA84-DDB2-4C69-9287-5D2C238103E1}.Release|Any CPU.ActiveCfg = Release|Any CPU
		{F963EA84-DDB2-4C69-9287-5D2C238103E1}.Release|Any CPU.Build.0 = Release|Any CPU
	EndGlobalSection
	GlobalSection(SolutionProperties) = preSolution
		HideSolutionNode = FALSE
	EndGlobalSection
	GlobalSection(ExtensibilityGlobals) = postSolution
		SolutionGuid = {456661CB-6AC1-4A98-8A59-5BEFC7AE1F6E}
	EndGlobalSection
EndGlobal
